
Microsoft Visual Studio Solution File, Format Version 12.00
# Visual Studio Version 17
VisualStudioVersion = 17.14.36705.20 d17.14
MinimumVisualStudioVersion = 10.0.40219.1
Project("{FAE04EC0-301F-11D3-BF4B-00C04F79EFBC}") = "Loteria2026", "Loteria2026\Loteria2026.csproj", "{6AD16D73-610E-4980-B36C-9A85698DDBFE}"
EndProject
Global
	GlobalSection(SolutionConfigurationPlatforms) = preSolution
		Debug|Any CPU = Debug|Any CPU
		Release|Any CPU = Release|Any CPU
	EndGlobalSection
	GlobalSection(ProjectConfigurationPlatforms) = postSolution
		{6AD16D73-610E-4980-B36C-9A85698DDBFE}.Debug|Any CPU.ActiveCfg = Debug|Any CPU
		{6AD16D73-610E-4980-B36C-9A85698DDBFE}.Debug|Any CPU.Build.0 = Debug|Any CPU
		{6AD16D73-610E-4980-B36C-9A85698DDBFE}.Release|Any CPU.ActiveCfg = Release|Any CPU
		{6AD16D73-610E-4980-B36C-9A85698DDBFE}.Release|Any CPU.Build.0 = Release|Any CPU
	EndGlobalSection
	GlobalSection(SolutionProperties) = preSolution
		HideSolutionNode = FALSE
	EndGlobalSection
	GlobalSection(ExtensibilityGlobals) = postSolution
		SolutionGuid = {0DCAC4D9-9A00-4378-A49F-C10F511A8F1D}
	EndGlobalSection
EndGlobal
